
Microsoft Visual Studio Solution File, Format Version 12.00
# Visual Studio Version 17
VisualStudioVersion = 17.4.33122.133
MinimumVisualStudioVersion = 10.0.40219.1
Project("{FAE04EC0-301F-11D3-BF4B-00C04F79EFBC}") = "Silverline", "Silverline\Silverline.csproj", "{4DC348A8-0817-4556-97CF-DAC8F127D3A9}"
EndProject
Project("{FAE04EC0-301F-11D3-BF4B-00C04F79EFBC}") = "Silverline.Application", "Silverline.Application\Silverline.Application.csproj", "{5FF8A151-864E-456F-B999-2F0B05F6E38C}"
EndProject
Project("{FAE04EC0-301F-11D3-BF4B-00C04F79EFBC}") = "Silverline.Core", "Silverline.Core\Silverline.Core.csproj", "{D99C0C78-CBF0-4981-AFBD-FB8C9357A8D8}"
EndProject
Project("{FAE04EC0-301F-11D3-BF4B-00C04F79EFBC}") = "Silverline.Infrastructure", "Silverline.Infrastructure\Silverline.Infrastructure.csproj", "{2EFAEE32-8628-4263-B2FC-80DEC7091805}"
EndProject
Global
	GlobalSection(SolutionConfigurationPlatforms) = preSolution
		Debug|Any CPU = Debug|Any CPU
		Release|Any CPU = Release|Any CPU
	EndGlobalSection
	GlobalSection(ProjectConfigurationPlatforms) = postSolution
		{4DC348A8-0817-4556-97CF-DAC8F127D3A9}.Debug|Any CPU.ActiveCfg = Debug|Any CPU
		{4DC348A8-0817-4556-97CF-DAC8F127D3A9}.Debug|Any CPU.Build.0 = Debug|Any CPU
		{4DC348A8-0817-4556-97CF-DAC8F127D3A9}.Release|Any CPU.ActiveCfg = Release|Any CPU
		{4DC348A8-0817-4556-97CF-DAC8F127D3A9}.Release|Any CPU.Build.0 = Release|Any CPU
		{5FF8A151-864E-456F-B999-2F0B05F6E38C}.Debug|Any CPU.ActiveCfg = Debug|Any CPU
		{5FF8A151-864E-456F-B999-2F0B05F6E38C}.Debug|Any CPU.Build.0 = Debug|Any CPU
		{5FF8A151-864E-456F-B999-2F0B05F6E38C}.Release|Any CPU.ActiveCfg = Release|Any CPU
		{5FF8A151-864E-456F-B999-2F0B05F6E38C}.Release|Any CPU.Build.0 = Release|Any CPU
		{D99C0C78-CBF0-4981-AFBD-FB8C9357A8D8}.Debug|Any CPU.ActiveCfg = Debug|Any CPU
		{D99C0C78-CBF0-4981-AFBD-FB8C9357A8D8}.Debug|Any CPU.Build.0 = Debug|Any CPU
		{D99C0C78-CBF0-4981-AFBD-FB8C9357A8D8}.Release|Any CPU.ActiveCfg = Release|Any CPU
		{D99C0C78-CBF0-4981-AFBD-FB8C9357A8D8}.Release|Any CPU.Build.0 = Release|Any CPU
		{2EFAEE32-8628-4263-B2FC-80DEC7091805}.Debug|Any CPU.ActiveCfg = Debug|Any CPU
		{2EFAEE32-8628-4263-B2FC-80DEC7091805}.Debug|Any CPU.Build.0 = Debug|Any CPU
		{2EFAEE32-8628-4263-B2FC-80DEC7091805}.Release|Any CPU.ActiveCfg = Release|Any CPU
		{2EFAEE32-8628-4263-B2FC-80DEC7091805}.Release|Any CPU.Build.0 = Release|Any CPU
	EndGlobalSection
	GlobalSection(SolutionProperties) = preSolution
		HideSolutionNode = FALSE
	EndGlobalSection
	GlobalSection(ExtensibilityGlobals) = postSolution
		SolutionGuid = {8302C5A0-2415-45DE-AB62-4AB4C7013DBC}
	EndGlobalSection
EndGlobal
